
Microsoft Visual Studio Solution File, Format Version 12.00
# Visual Studio Version 17
VisualStudioVersion = 17.4.33205.214
MinimumVisualStudioVersion = 10.0.40219.1
Project("{FAE04EC0-301F-11D3-BF4B-00C04F79EFBC}") = "1_Cinema", "1_Cinema\1_Cinema.csproj", "{7547C68B-082F-4D9D-BFCF-FAB3AB26227F}"
EndProject
Project("{FAE04EC0-301F-11D3-BF4B-00C04F79EFBC}") = "02_Summer Clothing", "02_Summer Clothing\02_Summer Clothing.csproj", "{ACCF0145-86CB-4747-A701-AD86D65FCA4F}"
EndProject
Project("{FAE04EC0-301F-11D3-BF4B-00C04F79EFBC}") = "03_New Home", "03_New Home\03_New Home.csproj", "{E617E3DA-4E8D-43B1-9B85-0936ED2EE322}"
EndProject
Global
	GlobalSection(SolutionConfigurationPlatforms) = preSolution
		Debug|Any CPU = Debug|Any CPU
		Release|Any CPU = Release|Any CPU
	EndGlobalSection
	GlobalSection(ProjectConfigurationPlatforms) = postSolution
		{7547C68B-082F-4D9D-BFCF-FAB3AB26227F}.Debug|Any CPU.ActiveCfg = Debug|Any CPU
		{7547C68B-082F-4D9D-BFCF-FAB3AB26227F}.Debug|Any CPU.Build.0 = Debug|Any CPU
		{7547C68B-082F-4D9D-BFCF-FAB3AB26227F}.Release|Any CPU.ActiveCfg = Release|Any CPU
		{7547C68B-082F-4D9D-BFCF-FAB3AB26227F}.Release|Any CPU.Build.0 = Release|Any CPU
		{ACCF0145-86CB-4747-A701-AD86D65FCA4F}.Debug|Any CPU.ActiveCfg = Debug|Any CPU
		{ACCF0145-86CB-4747-A701-AD86D65FCA4F}.Debug|Any CPU.Build.0 = Debug|Any CPU
		{ACCF0145-86CB-4747-A701-AD86D65FCA4F}.Release|Any CPU.ActiveCfg = Release|Any CPU
		{ACCF0145-86CB-4747-A701-AD86D65FCA4F}.Release|Any CPU.Build.0 = Release|Any CPU
		{E617E3DA-4E8D-43B1-9B85-0936ED2EE322}.Debug|Any CPU.ActiveCfg = Debug|Any CPU
		{E617E3DA-4E8D-43B1-9B85-0936ED2EE322}.Debug|Any CPU.Build.0 = Debug|Any CPU
		{E617E3DA-4E8D-43B1-9B85-0936ED2EE322}.Release|Any CPU.ActiveCfg = Release|Any CPU
		{E617E3DA-4E8D-43B1-9B85-0936ED2EE322}.Release|Any CPU.Build.0 = Release|Any CPU
	EndGlobalSection
	GlobalSection(SolutionProperties) = preSolution
		HideSolutionNode = FALSE
	EndGlobalSection
	GlobalSection(ExtensibilityGlobals) = postSolution
		SolutionGuid = {56FFEBA2-D35A-47A5-85A2-E2075C2C7DFF}
	EndGlobalSection
EndGlobal
